
Microsoft Visual Studio Solution File, Format Version 12.00
# Visual Studio Version 17
VisualStudioVersion = 17.14.36414.22
MinimumVisualStudioVersion = 10.0.40219.1
Project("{FAE04EC0-301F-11D3-BF4B-00C04F79EFBC}") = "TaskManager.Api", "TaskManager.Api\TaskManager.Api.csproj", "{9017637A-32D4-4077-8CCD-0383C047133C}"
EndProject
Project("{FAE04EC0-301F-11D3-BF4B-00C04F79EFBC}") = "TaskManager.Core", "TaskManager.Core\TaskManager.Core.csproj", "{69218B3D-63FE-4BEB-A07E-632F1C0650EE}"
EndProject
Project("{FAE04EC0-301F-11D3-BF4B-00C04F79EFBC}") = "TaskManager.Infrastructure", "TaskManager.Infrastructure\TaskManager.Infrastructure.csproj", "{5048E159-D31D-4364-A4A7-94CBBCDC32A1}"
EndProject
Project("{2150E333-8FDC-42A3-9474-1A3956D46DE8}") = "Elementos de la solución", "Elementos de la solución", "{D107F4C8-89CC-BEA8-D3D7-CA6B7733353D}"
	ProjectSection(SolutionItems) = preProject
		ScriptSQLserverTaskManagerDB.txt = ScriptSQLserverTaskManagerDB.txt
		TaskManager.postman_collection.json = TaskManager.postman_collection.json
	EndProjectSection
EndProject
Global
	GlobalSection(SolutionConfigurationPlatforms) = preSolution
		Debug|Any CPU = Debug|Any CPU
		Release|Any CPU = Release|Any CPU
	EndGlobalSection
	GlobalSection(ProjectConfigurationPlatforms) = postSolution
		{9017637A-32D4-4077-8CCD-0383C047133C}.Debug|Any CPU.ActiveCfg = Debug|Any CPU
		{9017637A-32D4-4077-8CCD-0383C047133C}.Debug|Any CPU.Build.0 = Debug|Any CPU
		{9017637A-32D4-4077-8CCD-0383C047133C}.Release|Any CPU.ActiveCfg = Release|Any CPU
		{9017637A-32D4-4077-8CCD-0383C047133C}.Release|Any CPU.Build.0 = Release|Any CPU
		{69218B3D-63FE-4BEB-A07E-632F1C0650EE}.Debug|Any CPU.ActiveCfg = Debug|Any CPU
		{69218B3D-63FE-4BEB-A07E-632F1C0650EE}.Debug|Any CPU.Build.0 = Debug|Any CPU
		{69218B3D-63FE-4BEB-A07E-632F1C0650EE}.Release|Any CPU.ActiveCfg = Release|Any CPU
		{69218B3D-63FE-4BEB-A07E-632F1C0650EE}.Release|Any CPU.Build.0 = Release|Any CPU
		{5048E159-D31D-4364-A4A7-94CBBCDC32A1}.Debug|Any CPU.ActiveCfg = Debug|Any CPU
		{5048E159-D31D-4364-A4A7-94CBBCDC32A1}.Debug|Any CPU.Build.0 = Debug|Any CPU
		{5048E159-D31D-4364-A4A7-94CBBCDC32A1}.Release|Any CPU.ActiveCfg = Release|Any CPU
		{5048E159-D31D-4364-A4A7-94CBBCDC32A1}.Release|Any CPU.Build.0 = Release|Any CPU
	EndGlobalSection
	GlobalSection(SolutionProperties) = preSolution
		HideSolutionNode = FALSE
	EndGlobalSection
	GlobalSection(ExtensibilityGlobals) = postSolution
		SolutionGuid = {00435EB1-AA82-475B-AF68-E8CB5C105E19}
	EndGlobalSection
EndGlobal
